
Microsoft Visual Studio Solution File, Format Version 12.00
# Visual Studio 15
VisualStudioVersion = 15.0.27703.2042
MinimumVisualStudioVersion = 10.0.40219.1
Project("{FAE04EC0-301F-11D3-BF4B-00C04F79EFBC}") = "AirportUWP", "AirportUWP\AirportUWP.csproj", "{B2F6497D-9E1E-4A47-B121-FB21D42A04CA}"
EndProject
Global
	GlobalSection(SolutionConfigurationPlatforms) = preSolution
		Debug|ARM = Debug|ARM
		Debug|x64 = Debug|x64
		Debug|x86 = Debug|x86
		Release|ARM = Release|ARM
		Release|x64 = Release|x64
		Release|x86 = Release|x86
	EndGlobalSection
	GlobalSection(ProjectConfigurationPlatforms) = postSolution
		{B2F6497D-9E1E-4A47-B121-FB21D42A04CA}.Debug|ARM.ActiveCfg = Debug|ARM
		{B2F6497D-9E1E-4A47-B121-FB21D42A04CA}.Debug|ARM.Build.0 = Debug|ARM
		{B2F6497D-9E1E-4A47-B121-FB21D42A04CA}.Debug|ARM.Deploy.0 = Debug|ARM
		{B2F6497D-9E1E-4A47-B121-FB21D42A04CA}.Debug|x64.ActiveCfg = Debug|x64
		{B2F6497D-9E1E-4A47-B121-FB21D42A04CA}.Debug|x64.Build.0 = Debug|x64
		{B2F6497D-9E1E-4A47-B121-FB21D42A04CA}.Debug|x64.Deploy.0 = Debug|x64
		{B2F6497D-9E1E-4A47-B121-FB21D42A04CA}.Debug|x86.ActiveCfg = Debug|x86
		{B2F6497D-9E1E-4A47-B121-FB21D42A04CA}.Debug|x86.Build.0 = Debug|x86
		{B2F6497D-9E1E-4A47-B121-FB21D42A04CA}.Debug|x86.Deploy.0 = Debug|x86
		{B2F6497D-9E1E-4A47-B121-FB21D42A04CA}.Release|ARM.ActiveCfg = Release|ARM
		{B2F6497D-9E1E-4A47-B121-FB21D42A04CA}.Release|ARM.Build.0 = Release|ARM
		{B2F6497D-9E1E-4A47-B121-FB21D42A04CA}.Release|ARM.Deploy.0 = Release|ARM
		{B2F6497D-9E1E-4A47-B121-FB21D42A04CA}.Release|x64.ActiveCfg = Release|x64
		{B2F6497D-9E1E-4A47-B121-FB21D42A04CA}.Release|x64.Build.0 = Release|x64
		{B2F6497D-9E1E-4A47-B121-FB21D42A04CA}.Release|x64.Deploy.0 = Release|x64
		{B2F6497D-9E1E-4A47-B121-FB21D42A04CA}.Release|x86.ActiveCfg = Release|x86
		{B2F6497D-9E1E-4A47-B121-FB21D42A04CA}.Release|x86.Build.0 = Release|x86
		{B2F6497D-9E1E-4A47-B121-FB21D42A04CA}.Release|x86.Deploy.0 = Release|x86
	EndGlobalSection
	GlobalSection(SolutionProperties) = preSolution
		HideSolutionNode = FALSE
	EndGlobalSection
	GlobalSection(ExtensibilityGlobals) = postSolution
		SolutionGuid = {0CBE09BB-3F1E-45B9-B138-B2B9B10D5519}
	EndGlobalSection
EndGlobal
